
Microsoft Visual Studio Solution File, Format Version 12.00
# Visual Studio Version 16
VisualStudioVersion = 16.0.31729.503
MinimumVisualStudioVersion = 10.0.40219.1
Project("{FAE04EC0-301F-11D3-BF4B-00C04F79EFBC}") = "EjercicioCiclo", "EjercicioCiclo\EjercicioCiclo.csproj", "{DA32B5A7-D105-4B38-A33D-0B70A286C13E}"
EndProject
Global
	GlobalSection(SolutionConfigurationPlatforms) = preSolution
		Debug|Any CPU = Debug|Any CPU
		Release|Any CPU = Release|Any CPU
	EndGlobalSection
	GlobalSection(ProjectConfigurationPlatforms) = postSolution
		{DA32B5A7-D105-4B38-A33D-0B70A286C13E}.Debug|Any CPU.ActiveCfg = Debug|Any CPU
		{DA32B5A7-D105-4B38-A33D-0B70A286C13E}.Debug|Any CPU.Build.0 = Debug|Any CPU
		{DA32B5A7-D105-4B38-A33D-0B70A286C13E}.Release|Any CPU.ActiveCfg = Release|Any CPU
		{DA32B5A7-D105-4B38-A33D-0B70A286C13E}.Release|Any CPU.Build.0 = Release|Any CPU
	EndGlobalSection
	GlobalSection(SolutionProperties) = preSolution
		HideSolutionNode = FALSE
	EndGlobalSection
	GlobalSection(ExtensibilityGlobals) = postSolution
		SolutionGuid = {788AF142-8E37-4394-A3D7-54A60997AD86}
	EndGlobalSection
EndGlobal
