
Microsoft Visual Studio Solution File, Format Version 12.00
# Visual Studio Version 16
VisualStudioVersion = 16.0.31729.503
MinimumVisualStudioVersion = 10.0.40219.1
Project("{FAE04EC0-301F-11D3-BF4B-00C04F79EFBC}") = "Punto3", "Punto3\Punto3.csproj", "{32832001-5C02-4E6A-B62D-AE39D9EC66EB}"
EndProject
Global
	GlobalSection(SolutionConfigurationPlatforms) = preSolution
		Debug|Any CPU = Debug|Any CPU
		Release|Any CPU = Release|Any CPU
	EndGlobalSection
	GlobalSection(ProjectConfigurationPlatforms) = postSolution
		{32832001-5C02-4E6A-B62D-AE39D9EC66EB}.Debug|Any CPU.ActiveCfg = Debug|Any CPU
		{32832001-5C02-4E6A-B62D-AE39D9EC66EB}.Debug|Any CPU.Build.0 = Debug|Any CPU
		{32832001-5C02-4E6A-B62D-AE39D9EC66EB}.Release|Any CPU.ActiveCfg = Release|Any CPU
		{32832001-5C02-4E6A-B62D-AE39D9EC66EB}.Release|Any CPU.Build.0 = Release|Any CPU
	EndGlobalSection
	GlobalSection(SolutionProperties) = preSolution
		HideSolutionNode = FALSE
	EndGlobalSection
	GlobalSection(ExtensibilityGlobals) = postSolution
		SolutionGuid = {A3B35181-F1E5-45C2-8E1B-729350BEA88E}
	EndGlobalSection
EndGlobal
