
Microsoft Visual Studio Solution File, Format Version 12.00
# Visual Studio Version 16
VisualStudioVersion = 16.0.31729.503
MinimumVisualStudioVersion = 10.0.40219.1
Project("{FAE04EC0-301F-11D3-BF4B-00C04F79EFBC}") = "LaboratorioDiseñoWeb", "LaboratorioDiseñoWeb\LaboratorioDiseñoWeb.csproj", "{1A9FEE8F-4B47-4845-B3FC-FD5591C4C0B8}"
EndProject
Global
	GlobalSection(SolutionConfigurationPlatforms) = preSolution
		Debug|Any CPU = Debug|Any CPU
		Release|Any CPU = Release|Any CPU
	EndGlobalSection
	GlobalSection(ProjectConfigurationPlatforms) = postSolution
		{1A9FEE8F-4B47-4845-B3FC-FD5591C4C0B8}.Debug|Any CPU.ActiveCfg = Debug|Any CPU
		{1A9FEE8F-4B47-4845-B3FC-FD5591C4C0B8}.Debug|Any CPU.Build.0 = Debug|Any CPU
		{1A9FEE8F-4B47-4845-B3FC-FD5591C4C0B8}.Release|Any CPU.ActiveCfg = Release|Any CPU
		{1A9FEE8F-4B47-4845-B3FC-FD5591C4C0B8}.Release|Any CPU.Build.0 = Release|Any CPU
	EndGlobalSection
	GlobalSection(SolutionProperties) = preSolution
		HideSolutionNode = FALSE
	EndGlobalSection
	GlobalSection(ExtensibilityGlobals) = postSolution
		SolutionGuid = {AC984AA3-7442-4BE0-A0F7-02C3E566E810}
	EndGlobalSection
EndGlobal
