
Microsoft Visual Studio Solution File, Format Version 12.00
# Visual Studio Version 16
VisualStudioVersion = 16.0.31729.503
MinimumVisualStudioVersion = 10.0.40219.1
Project("{FAE04EC0-301F-11D3-BF4B-00C04F79EFBC}") = "Ejercicio4", "Ejercicio4\Ejercicio4.csproj", "{C3CE5F96-464A-4892-A17A-39C1E2D6848B}"
EndProject
Global
	GlobalSection(SolutionConfigurationPlatforms) = preSolution
		Debug|Any CPU = Debug|Any CPU
		Release|Any CPU = Release|Any CPU
	EndGlobalSection
	GlobalSection(ProjectConfigurationPlatforms) = postSolution
		{C3CE5F96-464A-4892-A17A-39C1E2D6848B}.Debug|Any CPU.ActiveCfg = Debug|Any CPU
		{C3CE5F96-464A-4892-A17A-39C1E2D6848B}.Debug|Any CPU.Build.0 = Debug|Any CPU
		{C3CE5F96-464A-4892-A17A-39C1E2D6848B}.Release|Any CPU.ActiveCfg = Release|Any CPU
		{C3CE5F96-464A-4892-A17A-39C1E2D6848B}.Release|Any CPU.Build.0 = Release|Any CPU
	EndGlobalSection
	GlobalSection(SolutionProperties) = preSolution
		HideSolutionNode = FALSE
	EndGlobalSection
	GlobalSection(ExtensibilityGlobals) = postSolution
		SolutionGuid = {916CC0F0-FA7B-4C78-88CE-35100519ABD8}
	EndGlobalSection
EndGlobal
