
Microsoft Visual Studio Solution File, Format Version 12.00
# Visual Studio Version 16
VisualStudioVersion = 16.0.31729.503
MinimumVisualStudioVersion = 10.0.40219.1
Project("{FAE04EC0-301F-11D3-BF4B-00C04F79EFBC}") = "Punto2", "Punto2\Punto2.csproj", "{521FE51C-F304-4DB5-9BB2-BAE59FFEEB52}"
EndProject
Global
	GlobalSection(SolutionConfigurationPlatforms) = preSolution
		Debug|Any CPU = Debug|Any CPU
		Release|Any CPU = Release|Any CPU
	EndGlobalSection
	GlobalSection(ProjectConfigurationPlatforms) = postSolution
		{521FE51C-F304-4DB5-9BB2-BAE59FFEEB52}.Debug|Any CPU.ActiveCfg = Debug|Any CPU
		{521FE51C-F304-4DB5-9BB2-BAE59FFEEB52}.Debug|Any CPU.Build.0 = Debug|Any CPU
		{521FE51C-F304-4DB5-9BB2-BAE59FFEEB52}.Release|Any CPU.ActiveCfg = Release|Any CPU
		{521FE51C-F304-4DB5-9BB2-BAE59FFEEB52}.Release|Any CPU.Build.0 = Release|Any CPU
	EndGlobalSection
	GlobalSection(SolutionProperties) = preSolution
		HideSolutionNode = FALSE
	EndGlobalSection
	GlobalSection(ExtensibilityGlobals) = postSolution
		SolutionGuid = {7322B553-0ADC-4FE4-A3F7-53B57A6C7840}
	EndGlobalSection
EndGlobal
